{
  "requires": true,
  "lockfileVersion": 1,
  "dependencies": {
    "addtocalendar": {
      "version": "github:AddToCalendar/addtocalendar#7b6bce6311aa40eda8705d915dd7feb454b893b8",
      "from": "addtocalendar@github:AddToCalendar/addtocalendar#7b6bce6311aa40eda8705d915dd7feb454b893b8"
    },
    "jstimezonedetect": {
      "version": "1.0.6",
      "resolved": "https://registry.npmjs.org/jstimezonedetect/-/jstimezonedetect-1.0.6.tgz",
      "integrity": "sha1-YNMfus2/V69xsGSIfuBA8Vla21I="
    },
    "primer-base": {
      "version": "1.9.0",
      "resolved": "https://registry.npmjs.org/primer-base/-/primer-base-1.9.0.tgz",
      "integrity": "sha512-orZavNrY0gsOidHLigMqay/D53pq8uKJD1NrN6LMuSkv0N89r7uBg1UYB4vBuzByTIpUHrjZwy6ZpxDjctQDew==",
      "requires": {
        "primer-support": "4.7.0"
      }
    },
    "primer-box": {
      "version": "2.5.11",
      "resolved": "https://registry.npmjs.org/primer-box/-/primer-box-2.5.11.tgz",
      "integrity": "sha512-jaXaznaISMXvj2iut7zUwDmwZDPos0lNesl9nLV3EOl5Q7EgpAgKRfpsgo5pVfnqTcc6QLYtv5ywx8OJ3J9GeA==",
      "requires": {
        "primer-support": "4.7.0"
      }
    },
    "primer-breadcrumb": {
      "version": "1.5.7",
      "resolved": "https://registry.npmjs.org/primer-breadcrumb/-/primer-breadcrumb-1.5.7.tgz",
      "integrity": "sha512-b+QouBgxZJ3WahSPI1w7j+FW5URr/7FNfSMXwi86D7p8xybidNogjGJZ60m++6c7GTj32THXArNjw0yHGkOUiw==",
      "requires": {
        "primer-support": "4.7.0"
      }
    },
    "primer-buttons": {
      "version": "2.6.2",
      "resolved": "https://registry.npmjs.org/primer-buttons/-/primer-buttons-2.6.2.tgz",
      "integrity": "sha512-qFwbJpCoWcdIXHLqo4lDut8Pm2VcoO6OGjmPaLvCX5zKhtUWqBtRkxiuvk8Kyd3unXaieM/cof9VXjCRpTTO5A==",
      "requires": {
        "primer-support": "4.7.0"
      }
    },
    "primer-core": {
      "version": "6.10.6",
      "resolved": "https://registry.npmjs.org/primer-core/-/primer-core-6.10.6.tgz",
      "integrity": "sha512-UxJ5RltVsSwbjUxmDwF00e/dJQUUSC4EdwKtTs24BM/f28s/X84OWSFP7lQ1qY73+jbEjvdBIBsaQ5P8QyT2Wg==",
      "requires": {
        "primer-base": "1.9.0",
        "primer-box": "2.5.11",
        "primer-breadcrumb": "1.5.7",
        "primer-buttons": "2.6.2",
        "primer-forms": "2.1.6",
        "primer-layout": "1.6.0",
        "primer-navigation": "1.5.9",
        "primer-pagination": "1.0.5",
        "primer-support": "4.7.0",
        "primer-table-object": "1.4.11",
        "primer-tooltips": "1.5.9",
        "primer-truncate": "1.4.11",
        "primer-utilities": "4.14.1"
      }
    },
    "primer-forms": {
      "version": "2.1.6",
      "resolved": "https://registry.npmjs.org/primer-forms/-/primer-forms-2.1.6.tgz",
      "integrity": "sha512-s0ggx0KNIYQCCuiWNJ/OcWAXHIucjbqZKkUS3IqEQH+/MlUTM31N/gRc5c4bPkZZPCOvroORc5qs5z2z5sMjGg==",
      "requires": {
        "primer-support": "4.7.0"
      }
    },
    "primer-layout": {
      "version": "1.6.0",
      "resolved": "https://registry.npmjs.org/primer-layout/-/primer-layout-1.6.0.tgz",
      "integrity": "sha512-bBFeldvqbfVQ4Vb7u3nB6U6rg+39lft7OM89H9zt7dHHxwfxcVewbTHNIfJkfIvG3kcpcwNSJWKcrWFjPW3uqg==",
      "requires": {
        "primer-support": "4.7.0"
      }
    },
    "primer-marketing": {
      "version": "6.3.3",
      "resolved": "https://registry.npmjs.org/primer-marketing/-/primer-marketing-6.3.3.tgz",
      "integrity": "sha512-vmR/YkOlFnQVQSxluXe5lbkH+B7Z2tirgCDGVp+SD9Zs+FJ6YRELmw6cjm0okVkH9205qcMvy9INOunkhKrktw==",
      "requires": {
        "primer-marketing-buttons": "1.0.13",
        "primer-marketing-support": "1.5.6",
        "primer-marketing-type": "1.4.13",
        "primer-marketing-utilities": "1.7.3",
        "primer-page-headers": "1.5.3",
        "primer-page-sections": "1.5.3",
        "primer-support": "4.7.2",
        "primer-tables": "1.5.3"
      },
      "dependencies": {
        "primer-support": {
          "version": "4.7.2",
          "resolved": "https://registry.npmjs.org/primer-support/-/primer-support-4.7.2.tgz",
          "integrity": "sha512-WbfjjITtGV6iXQeaVPL+AzHj1Jv9RHJRp7kIu5ebFXwolWmCqTBpA/8VmWmssyeTfv8zR7iuCoT0UoBF+uGHww=="
        }
      }
    },
    "primer-marketing-buttons": {
      "version": "1.0.13",
      "resolved": "https://registry.npmjs.org/primer-marketing-buttons/-/primer-marketing-buttons-1.0.13.tgz",
      "integrity": "sha512-1MzzrG/68zaEcQypG50uELwQ4MHH9b8aTy3jXxayZRc1qvZaLh5SEcSIHWe5lMIZk8qrtYhr22py9+kibyTKIQ==",
      "requires": {
        "primer-support": "4.7.2"
      },
      "dependencies": {
        "primer-support": {
          "version": "4.7.2",
          "resolved": "https://registry.npmjs.org/primer-support/-/primer-support-4.7.2.tgz",
          "integrity": "sha512-WbfjjITtGV6iXQeaVPL+AzHj1Jv9RHJRp7kIu5ebFXwolWmCqTBpA/8VmWmssyeTfv8zR7iuCoT0UoBF+uGHww=="
        }
      }
    },
    "primer-marketing-support": {
      "version": "1.5.6",
      "resolved": "https://registry.npmjs.org/primer-marketing-support/-/primer-marketing-support-1.5.6.tgz",
      "integrity": "sha512-YU8ein52s/W+s4a4hHZZJbHURfz2FLI5ItrUxqaqJjcT0O2bALP/JbuCZDrbvWxuOSK4kbF22ANmmMGWFIzp/Q=="
    },
    "primer-marketing-type": {
      "version": "1.4.13",
      "resolved": "https://registry.npmjs.org/primer-marketing-type/-/primer-marketing-type-1.4.13.tgz",
      "integrity": "sha512-ke6l3zgc4mF5ArDzZB1TJ5VHbZG2/uwekVROLQOK4v7XI0MkYZWA9tI+k8UhaFLSsw0vGqxM2ibKUzsQH61C8g==",
      "requires": {
        "primer-marketing-support": "1.5.6",
        "primer-support": "4.7.2"
      },
      "dependencies": {
        "primer-support": {
          "version": "4.7.2",
          "resolved": "https://registry.npmjs.org/primer-support/-/primer-support-4.7.2.tgz",
          "integrity": "sha512-WbfjjITtGV6iXQeaVPL+AzHj1Jv9RHJRp7kIu5ebFXwolWmCqTBpA/8VmWmssyeTfv8zR7iuCoT0UoBF+uGHww=="
        }
      }
    },
    "primer-marketing-utilities": {
      "version": "1.7.3",
      "resolved": "https://registry.npmjs.org/primer-marketing-utilities/-/primer-marketing-utilities-1.7.3.tgz",
      "integrity": "sha512-YYDPgyC0G65tPHwZ6ktxfEAqUkJlU2sZjzdcH7thlcg83/UqiZfgmgiiBAxdMjrACY7Q2X9HaHicr5F4rmPhPw==",
      "requires": {
        "primer-marketing-support": "1.5.6",
        "primer-support": "4.7.2"
      },
      "dependencies": {
        "primer-support": {
          "version": "4.7.2",
          "resolved": "https://registry.npmjs.org/primer-support/-/primer-support-4.7.2.tgz",
          "integrity": "sha512-WbfjjITtGV6iXQeaVPL+AzHj1Jv9RHJRp7kIu5ebFXwolWmCqTBpA/8VmWmssyeTfv8zR7iuCoT0UoBF+uGHww=="
        }
      }
    },
    "primer-navigation": {
      "version": "1.5.9",
      "resolved": "https://registry.npmjs.org/primer-navigation/-/primer-navigation-1.5.9.tgz",
      "integrity": "sha512-eXKQH/r70lOxZ3S6AA/Qk3iO2xc53mkQdeYwi2/sRILXBlYVcweaiLLVnQVb5VZO+40t4VEFZxuLDOKw+bnGFw==",
      "requires": {
        "primer-support": "4.7.0"
      }
    },
    "primer-page-headers": {
      "version": "1.5.3",
      "resolved": "https://registry.npmjs.org/primer-page-headers/-/primer-page-headers-1.5.3.tgz",
      "integrity": "sha512-SVgAnr1jz/8qNhr+LsQayHGGICi1pCfBJV2R+zhcooDJC29ddSoTW+LpwvBj1P68c7sJfaMPRmlcq0hUGGG/Pw==",
      "requires": {
        "primer-marketing-support": "1.5.6",
        "primer-support": "4.7.2"
      },
      "dependencies": {
        "primer-support": {
          "version": "4.7.2",
          "resolved": "https://registry.npmjs.org/primer-support/-/primer-support-4.7.2.tgz",
          "integrity": "sha512-WbfjjITtGV6iXQeaVPL+AzHj1Jv9RHJRp7kIu5ebFXwolWmCqTBpA/8VmWmssyeTfv8zR7iuCoT0UoBF+uGHww=="
        }
      }
    },
    "primer-page-sections": {
      "version": "1.5.3",
      "resolved": "https://registry.npmjs.org/primer-page-sections/-/primer-page-sections-1.5.3.tgz",
      "integrity": "sha512-xaj6v+v3FvaSMVFDZAYsrObkvOviPwxYZt0rrkMeoyhrMVG2uB3nD3Kmu3st9UbwobdXjMTSKPkKBcarckwhuw==",
      "requires": {
        "primer-marketing-support": "1.5.6",
        "primer-support": "4.7.2"
      },
      "dependencies": {
        "primer-support": {
          "version": "4.7.2",
          "resolved": "https://registry.npmjs.org/primer-support/-/primer-support-4.7.2.tgz",
          "integrity": "sha512-WbfjjITtGV6iXQeaVPL+AzHj1Jv9RHJRp7kIu5ebFXwolWmCqTBpA/8VmWmssyeTfv8zR7iuCoT0UoBF+uGHww=="
        }
      }
    },
    "primer-pagination": {
      "version": "1.0.5",
      "resolved": "https://registry.npmjs.org/primer-pagination/-/primer-pagination-1.0.5.tgz",
      "integrity": "sha512-FsoQiUdPjBmSlpIm7Sme0fbK6Sh2JJSi8y6eOkmdCZtOpMH7FHJiUgXXNu0MX20QKTCfSXZ2FWurZIVM4E9ZRQ==",
      "requires": {
        "primer-support": "4.7.0"
      }
    },
    "primer-support": {
      "version": "4.7.0",
      "resolved": "https://registry.npmjs.org/primer-support/-/primer-support-4.7.0.tgz",
      "integrity": "sha512-vMUPjCGKVPgrRNGqZx2ULBHmg/r3TzsYqYG53qfVj34C5U0Vx+Mnq/upb0VOQNqeqvSOIgjjKyOzQfhyLyA/oQ=="
    },
    "primer-table-object": {
      "version": "1.4.11",
      "resolved": "https://registry.npmjs.org/primer-table-object/-/primer-table-object-1.4.11.tgz",
      "integrity": "sha512-rIfiZWICRppXPUST4i9kFeLvCRVdl/Qx4DLysQQf4cT/Bd9eVhaMCc4aWCdJCR6fd5vZgXiUg1xj26CiTW+lMw==",
      "requires": {
        "primer-support": "4.7.0"
      }
    },
    "primer-tables": {
      "version": "1.5.3",
      "resolved": "https://registry.npmjs.org/primer-tables/-/primer-tables-1.5.3.tgz",
      "integrity": "sha512-ZTBG2qQvE9qKI8N7sdN39F8y5sckDRSFR4JkTVQqujrXwoK7kGeqdNXirKFSuzSyW9MnBt02tOTQ65xC0xl3sg==",
      "requires": {
        "primer-marketing-support": "1.5.6",
        "primer-support": "4.7.2"
      },
      "dependencies": {
        "primer-support": {
          "version": "4.7.2",
          "resolved": "https://registry.npmjs.org/primer-support/-/primer-support-4.7.2.tgz",
          "integrity": "sha512-WbfjjITtGV6iXQeaVPL+AzHj1Jv9RHJRp7kIu5ebFXwolWmCqTBpA/8VmWmssyeTfv8zR7iuCoT0UoBF+uGHww=="
        }
      }
    },
    "primer-tooltips": {
      "version": "1.5.9",
      "resolved": "https://registry.npmjs.org/primer-tooltips/-/primer-tooltips-1.5.9.tgz",
      "integrity": "sha512-fy+s5VXW81nWiOQlJdKUoqOgH6a/cbpmr02jNo6hClos3/PJrThI2v2uWZzCea9OtBNID4efHasfMbrObOCZpg==",
      "requires": {
        "primer-support": "4.7.0"
      }
    },
    "primer-truncate": {
      "version": "1.4.11",
      "resolved": "https://registry.npmjs.org/primer-truncate/-/primer-truncate-1.4.11.tgz",
      "integrity": "sha512-qKM0Gajatot/Xo1mDcX7C2INHOOLLW7hECX0wMbMbwp/5wOqCvM8cRFg2oHNaZxpRTXM+j29sQuAOB0249pIRA==",
      "requires": {
        "primer-support": "4.7.0"
      }
    },
    "primer-utilities": {
      "version": "4.14.1",
      "resolved": "https://registry.npmjs.org/primer-utilities/-/primer-utilities-4.14.1.tgz",
      "integrity": "sha512-fts5+Ml6x9PcOoapUGVPeIH/ENYg4pITeR9EKLCEPYyPlNEBq4RWMPM6wSyUE2VhLqe92/xu7kLsLSo417VERQ==",
      "requires": {
        "primer-support": "4.7.0"
      }
    }
  }
}
