{
  "requires": true,
  "lockfileVersion": 1,
  "dependencies": {
    "addtocalendar": {
      "version": "github:AddToCalendar/addtocalendar#7b6bce6311aa40eda8705d915dd7feb454b893b8"
    },
    "jstimezonedetect": {
      "version": "1.0.6",
      "resolved": "https://registry.npmjs.org/jstimezonedetect/-/jstimezonedetect-1.0.6.tgz",
      "integrity": "sha1-YNMfus2/V69xsGSIfuBA8Vla21I="
    },
    "primer-base": {
      "version": "1.7.4",
      "resolved": "https://registry.npmjs.org/primer-base/-/primer-base-1.7.4.tgz",
      "integrity": "sha1-SAPOtnCuzsMr6lZnIyOga/zoz4s=",
      "requires": {
        "primer-support": "4.6.0"
      },
      "dependencies": {
        "primer-support": {
          "version": "4.6.0",
          "resolved": "https://registry.npmjs.org/primer-support/-/primer-support-4.6.0.tgz",
          "integrity": "sha1-Qq0w6+ox9/q7UpEnsyhk1sv8Kzw="
        }
      }
    },
    "primer-box": {
      "version": "2.5.9",
      "resolved": "https://registry.npmjs.org/primer-box/-/primer-box-2.5.9.tgz",
      "integrity": "sha1-sRI2W1dWalOxtKCN4zIAdmXBBxM=",
      "requires": {
        "primer-support": "4.6.0"
      },
      "dependencies": {
        "primer-support": {
          "version": "4.6.0",
          "resolved": "https://registry.npmjs.org/primer-support/-/primer-support-4.6.0.tgz",
          "integrity": "sha1-Qq0w6+ox9/q7UpEnsyhk1sv8Kzw="
        }
      }
    },
    "primer-breadcrumb": {
      "version": "1.5.5",
      "resolved": "https://registry.npmjs.org/primer-breadcrumb/-/primer-breadcrumb-1.5.5.tgz",
      "integrity": "sha1-O3cGiqz9qg94wMpqYiraGi2fSUU=",
      "requires": {
        "primer-support": "4.6.0"
      },
      "dependencies": {
        "primer-support": {
          "version": "4.6.0",
          "resolved": "https://registry.npmjs.org/primer-support/-/primer-support-4.6.0.tgz",
          "integrity": "sha1-Qq0w6+ox9/q7UpEnsyhk1sv8Kzw="
        }
      }
    },
    "primer-buttons": {
      "version": "2.6.0",
      "resolved": "https://registry.npmjs.org/primer-buttons/-/primer-buttons-2.6.0.tgz",
      "integrity": "sha1-gCb4oWoUIB8ph6C0MLr172dR2Vw=",
      "requires": {
        "primer-support": "4.6.0"
      },
      "dependencies": {
        "primer-support": {
          "version": "4.6.0",
          "resolved": "https://registry.npmjs.org/primer-support/-/primer-support-4.6.0.tgz",
          "integrity": "sha1-Qq0w6+ox9/q7UpEnsyhk1sv8Kzw="
        }
      }
    },
    "primer-core": {
      "version": "6.10.3",
      "resolved": "https://registry.npmjs.org/primer-core/-/primer-core-6.10.3.tgz",
      "integrity": "sha1-ySoguR9Kz28qvyA1u1xA4SpH+h8=",
      "requires": {
        "primer-base": "1.7.4",
        "primer-box": "2.5.9",
        "primer-breadcrumb": "1.5.5",
        "primer-buttons": "2.6.0",
        "primer-forms": "2.1.4",
        "primer-layout": "1.4.9",
        "primer-navigation": "1.5.7",
        "primer-pagination": "1.0.3",
        "primer-support": "4.6.0",
        "primer-table-object": "1.4.9",
        "primer-tooltips": "1.5.7",
        "primer-truncate": "1.4.9",
        "primer-utilities": "4.12.0"
      },
      "dependencies": {
        "primer-support": {
          "version": "4.6.0",
          "resolved": "https://registry.npmjs.org/primer-support/-/primer-support-4.6.0.tgz",
          "integrity": "sha1-Qq0w6+ox9/q7UpEnsyhk1sv8Kzw="
        }
      }
    },
    "primer-forms": {
      "version": "2.1.4",
      "resolved": "https://registry.npmjs.org/primer-forms/-/primer-forms-2.1.4.tgz",
      "integrity": "sha1-VfsMJTGtMDxVZclAHuSf6bw87Qk=",
      "requires": {
        "primer-support": "4.6.0"
      },
      "dependencies": {
        "primer-support": {
          "version": "4.6.0",
          "resolved": "https://registry.npmjs.org/primer-support/-/primer-support-4.6.0.tgz",
          "integrity": "sha1-Qq0w6+ox9/q7UpEnsyhk1sv8Kzw="
        }
      }
    },
    "primer-layout": {
      "version": "1.4.9",
      "resolved": "https://registry.npmjs.org/primer-layout/-/primer-layout-1.4.9.tgz",
      "integrity": "sha1-IfCmTBI8ZzH0T6EMI2pTJz5f09Y=",
      "requires": {
        "primer-support": "4.6.0"
      },
      "dependencies": {
        "primer-support": {
          "version": "4.6.0",
          "resolved": "https://registry.npmjs.org/primer-support/-/primer-support-4.6.0.tgz",
          "integrity": "sha1-Qq0w6+ox9/q7UpEnsyhk1sv8Kzw="
        }
      }
    },
    "primer-marketing": {
      "version": "6.2.3",
      "resolved": "https://registry.npmjs.org/primer-marketing/-/primer-marketing-6.2.3.tgz",
      "integrity": "sha1-66mL7eP7bDGHArhMWg4M7vbvpbQ=",
      "requires": {
        "primer-marketing-buttons": "1.0.7",
        "primer-marketing-support": "1.5.3",
        "primer-marketing-type": "1.4.8",
        "primer-marketing-utilities": "1.6.4",
        "primer-page-headers": "1.4.8",
        "primer-page-sections": "1.4.8",
        "primer-support": "4.5.5",
        "primer-tables": "1.4.8"
      },
      "dependencies": {
        "primer-support": {
          "version": "4.5.5",
          "resolved": "https://registry.npmjs.org/primer-support/-/primer-support-4.5.5.tgz",
          "integrity": "sha1-YNKS4Qk31E3n8/FYIlb7bOYK54A="
        }
      }
    },
    "primer-marketing-buttons": {
      "version": "1.0.7",
      "resolved": "https://registry.npmjs.org/primer-marketing-buttons/-/primer-marketing-buttons-1.0.7.tgz",
      "integrity": "sha1-BBH5zF7+7I6L3L0ZDL9Wd4mkqyc=",
      "requires": {
        "primer-support": "4.5.5"
      },
      "dependencies": {
        "primer-support": {
          "version": "4.5.5",
          "resolved": "https://registry.npmjs.org/primer-support/-/primer-support-4.5.5.tgz",
          "integrity": "sha1-YNKS4Qk31E3n8/FYIlb7bOYK54A="
        }
      }
    },
    "primer-marketing-support": {
      "version": "1.5.3",
      "resolved": "https://registry.npmjs.org/primer-marketing-support/-/primer-marketing-support-1.5.3.tgz",
      "integrity": "sha1-685wxymb14DSQ+R8+iOFzPMYnU0="
    },
    "primer-marketing-type": {
      "version": "1.4.8",
      "resolved": "https://registry.npmjs.org/primer-marketing-type/-/primer-marketing-type-1.4.8.tgz",
      "integrity": "sha1-BtWF69K2DbfJnee8zyUDZiuhDaY=",
      "requires": {
        "primer-marketing-support": "1.5.3",
        "primer-support": "4.5.5"
      },
      "dependencies": {
        "primer-support": {
          "version": "4.5.5",
          "resolved": "https://registry.npmjs.org/primer-support/-/primer-support-4.5.5.tgz",
          "integrity": "sha1-YNKS4Qk31E3n8/FYIlb7bOYK54A="
        }
      }
    },
    "primer-marketing-utilities": {
      "version": "1.6.4",
      "resolved": "https://registry.npmjs.org/primer-marketing-utilities/-/primer-marketing-utilities-1.6.4.tgz",
      "integrity": "sha1-TdIh6UN3lo2KrJe2odcazrOjqm4=",
      "requires": {
        "primer-marketing-support": "1.5.3",
        "primer-support": "4.5.5"
      },
      "dependencies": {
        "primer-support": {
          "version": "4.5.5",
          "resolved": "https://registry.npmjs.org/primer-support/-/primer-support-4.5.5.tgz",
          "integrity": "sha1-YNKS4Qk31E3n8/FYIlb7bOYK54A="
        }
      }
    },
    "primer-navigation": {
      "version": "1.5.7",
      "resolved": "https://registry.npmjs.org/primer-navigation/-/primer-navigation-1.5.7.tgz",
      "integrity": "sha1-HNaj0GND2FuwZI4LI05SNA6XS8s=",
      "requires": {
        "primer-support": "4.6.0"
      },
      "dependencies": {
        "primer-support": {
          "version": "4.6.0",
          "resolved": "https://registry.npmjs.org/primer-support/-/primer-support-4.6.0.tgz",
          "integrity": "sha1-Qq0w6+ox9/q7UpEnsyhk1sv8Kzw="
        }
      }
    },
    "primer-page-headers": {
      "version": "1.4.8",
      "resolved": "https://registry.npmjs.org/primer-page-headers/-/primer-page-headers-1.4.8.tgz",
      "integrity": "sha1-LKbqcwiChtjZy69fTMemQHaCk3A=",
      "requires": {
        "primer-marketing-support": "1.5.3",
        "primer-support": "4.5.5"
      },
      "dependencies": {
        "primer-support": {
          "version": "4.5.5",
          "resolved": "https://registry.npmjs.org/primer-support/-/primer-support-4.5.5.tgz",
          "integrity": "sha1-YNKS4Qk31E3n8/FYIlb7bOYK54A="
        }
      }
    },
    "primer-page-sections": {
      "version": "1.4.8",
      "resolved": "https://registry.npmjs.org/primer-page-sections/-/primer-page-sections-1.4.8.tgz",
      "integrity": "sha1-yKnID7EWz1oPE7mXPKVNzv1xdDs=",
      "requires": {
        "primer-marketing-support": "1.5.3",
        "primer-support": "4.5.5"
      },
      "dependencies": {
        "primer-support": {
          "version": "4.5.5",
          "resolved": "https://registry.npmjs.org/primer-support/-/primer-support-4.5.5.tgz",
          "integrity": "sha1-YNKS4Qk31E3n8/FYIlb7bOYK54A="
        }
      }
    },
    "primer-pagination": {
      "version": "1.0.3",
      "resolved": "https://registry.npmjs.org/primer-pagination/-/primer-pagination-1.0.3.tgz",
      "integrity": "sha1-97g6SMUO3YgkTaU2gtyrn2aAkfs=",
      "requires": {
        "primer-support": "4.6.0"
      },
      "dependencies": {
        "primer-support": {
          "version": "4.6.0",
          "resolved": "https://registry.npmjs.org/primer-support/-/primer-support-4.6.0.tgz",
          "integrity": "sha1-Qq0w6+ox9/q7UpEnsyhk1sv8Kzw="
        }
      }
    },
    "primer-table-object": {
      "version": "1.4.9",
      "resolved": "https://registry.npmjs.org/primer-table-object/-/primer-table-object-1.4.9.tgz",
      "integrity": "sha1-9h9QgWrmhRgl/8trs6oVGvBF/WQ=",
      "requires": {
        "primer-support": "4.6.0"
      },
      "dependencies": {
        "primer-support": {
          "version": "4.6.0",
          "resolved": "https://registry.npmjs.org/primer-support/-/primer-support-4.6.0.tgz",
          "integrity": "sha1-Qq0w6+ox9/q7UpEnsyhk1sv8Kzw="
        }
      }
    },
    "primer-tables": {
      "version": "1.4.8",
      "resolved": "https://registry.npmjs.org/primer-tables/-/primer-tables-1.4.8.tgz",
      "integrity": "sha1-95DQjhFTSjCYGm5WxojKqj0hunY=",
      "requires": {
        "primer-marketing-support": "1.5.3",
        "primer-support": "4.5.5"
      },
      "dependencies": {
        "primer-support": {
          "version": "4.5.5",
          "resolved": "https://registry.npmjs.org/primer-support/-/primer-support-4.5.5.tgz",
          "integrity": "sha1-YNKS4Qk31E3n8/FYIlb7bOYK54A="
        }
      }
    },
    "primer-tooltips": {
      "version": "1.5.7",
      "resolved": "https://registry.npmjs.org/primer-tooltips/-/primer-tooltips-1.5.7.tgz",
      "integrity": "sha1-Z+/WldYEKspYWj3MJ1WUxdjXE1s=",
      "requires": {
        "primer-support": "4.6.0"
      },
      "dependencies": {
        "primer-support": {
          "version": "4.6.0",
          "resolved": "https://registry.npmjs.org/primer-support/-/primer-support-4.6.0.tgz",
          "integrity": "sha1-Qq0w6+ox9/q7UpEnsyhk1sv8Kzw="
        }
      }
    },
    "primer-truncate": {
      "version": "1.4.9",
      "resolved": "https://registry.npmjs.org/primer-truncate/-/primer-truncate-1.4.9.tgz",
      "integrity": "sha1-XAPkC9aUQ7TrmTG7/pra+Qfu3+8=",
      "requires": {
        "primer-support": "4.6.0"
      },
      "dependencies": {
        "primer-support": {
          "version": "4.6.0",
          "resolved": "https://registry.npmjs.org/primer-support/-/primer-support-4.6.0.tgz",
          "integrity": "sha1-Qq0w6+ox9/q7UpEnsyhk1sv8Kzw="
        }
      }
    },
    "primer-utilities": {
      "version": "4.12.0",
      "resolved": "https://registry.npmjs.org/primer-utilities/-/primer-utilities-4.12.0.tgz",
      "integrity": "sha1-eu5Y11ouIzJvas/kG1W7ySjSJE4=",
      "requires": {
        "primer-support": "4.6.0"
      },
      "dependencies": {
        "primer-support": {
          "version": "4.6.0",
          "resolved": "https://registry.npmjs.org/primer-support/-/primer-support-4.6.0.tgz",
          "integrity": "sha1-Qq0w6+ox9/q7UpEnsyhk1sv8Kzw="
        }
      }
    }
  }
}
