{
  "requires": true,
  "lockfileVersion": 1,
  "dependencies": {
    "addtocalendar": {
      "version": "github:AddToCalendar/addtocalendar#7b6bce6311aa40eda8705d915dd7feb454b893b8",
      "from": "github:AddToCalendar/addtocalendar"
    },
    "jstimezonedetect": {
      "version": "1.0.7",
      "resolved": "https://registry.npmjs.org/jstimezonedetect/-/jstimezonedetect-1.0.7.tgz",
      "integrity": "sha512-ARADHortktl9IZ1tr4GHwGPIAzgz3mLNCbR/YjWtRtc/O0o634O3NeFlpLjv95EvuDA5dc8z6yfgbS8nUc4zcQ=="
    },
    "primer-base": {
      "version": "1.6.3",
      "resolved": "https://registry.npmjs.org/primer-base/-/primer-base-1.6.3.tgz",
      "integrity": "sha1-Mqtei9jMoM8/Byqie7CHuuBfeWc=",
      "requires": {
        "primer-support": "4.5.2"
      }
    },
    "primer-box": {
      "version": "2.5.5",
      "resolved": "https://registry.npmjs.org/primer-box/-/primer-box-2.5.5.tgz",
      "integrity": "sha1-j76ta9vx0gGtgfGBUXLXI/SZtLs=",
      "requires": {
        "primer-support": "4.5.2"
      }
    },
    "primer-breadcrumb": {
      "version": "1.5.1",
      "resolved": "https://registry.npmjs.org/primer-breadcrumb/-/primer-breadcrumb-1.5.1.tgz",
      "integrity": "sha1-mHQDUkRetb6rtIpRqB8IOJsd79A=",
      "requires": {
        "primer-support": "4.5.2"
      }
    },
    "primer-buttons": {
      "version": "2.5.3",
      "resolved": "https://registry.npmjs.org/primer-buttons/-/primer-buttons-2.5.3.tgz",
      "integrity": "sha1-taQNCzJcb2ueBMVRUVKjCf2WMJU=",
      "requires": {
        "primer-support": "4.5.2"
      }
    },
    "primer-core": {
      "version": "6.7.0",
      "resolved": "https://registry.npmjs.org/primer-core/-/primer-core-6.7.0.tgz",
      "integrity": "sha1-qw5R5wNWpRQh88Cvteb1ODg9ycI=",
      "requires": {
        "primer-base": "1.6.3",
        "primer-box": "2.5.5",
        "primer-breadcrumb": "1.5.1",
        "primer-buttons": "2.5.3",
        "primer-forms": "2.1.0",
        "primer-layout": "1.4.5",
        "primer-navigation": "1.5.3",
        "primer-support": "4.5.2",
        "primer-table-object": "1.4.5",
        "primer-tooltips": "1.5.2",
        "primer-truncate": "1.4.5",
        "primer-utilities": "4.8.5"
      }
    },
    "primer-forms": {
      "version": "2.1.0",
      "resolved": "https://registry.npmjs.org/primer-forms/-/primer-forms-2.1.0.tgz",
      "integrity": "sha1-0ntLuovSFKCX/opWFe1oNxRv6y0=",
      "requires": {
        "primer-support": "4.5.2"
      }
    },
    "primer-layout": {
      "version": "1.4.5",
      "resolved": "https://registry.npmjs.org/primer-layout/-/primer-layout-1.4.5.tgz",
      "integrity": "sha1-b83KZw7wv1xCir6L6GSdg8UeeW8=",
      "requires": {
        "primer-support": "4.5.2"
      }
    },
    "primer-marketing": {
      "version": "7.0.0",
      "resolved": "https://registry.npmjs.org/primer-marketing/-/primer-marketing-7.0.0.tgz",
      "integrity": "sha512-gLIWiE3pW1rXEEnmfz2eekq4LC27QUeMccrG87EU5qyEnu8LMr59c5LRibc5EJaCsa4708Jd2WxxSXEfD0ieug==",
      "requires": {
        "primer-marketing-buttons": "2.0.0",
        "primer-marketing-support": "2.0.0",
        "primer-marketing-type": "2.0.0",
        "primer-marketing-utilities": "2.0.0",
        "primer-support": "5.0.0"
      },
      "dependencies": {
        "primer-support": {
          "version": "5.0.0",
          "resolved": "https://registry.npmjs.org/primer-support/-/primer-support-5.0.0.tgz",
          "integrity": "sha512-inUxVSsGirn5IkPxBhFsMBgm8ZHyfOUmOWyDCN8cBXtbaLiCIAjHsPI46yS1zrWxnn0J2kvq8haomkrlHGF08g=="
        }
      }
    },
    "primer-marketing-buttons": {
      "version": "2.0.0",
      "resolved": "https://registry.npmjs.org/primer-marketing-buttons/-/primer-marketing-buttons-2.0.0.tgz",
      "integrity": "sha512-R8DvbvI6QjH9/xG2diqReqHhkMgKbiJ7+xg2VTlQon3H5sAxvUqBiqfqY+ZrZ9K5eyrLP+3Z/cgysKd/xe1U2A==",
      "requires": {
        "primer-marketing-support": "2.0.0",
        "primer-support": "5.0.0"
      },
      "dependencies": {
        "primer-support": {
          "version": "5.0.0",
          "resolved": "https://registry.npmjs.org/primer-support/-/primer-support-5.0.0.tgz",
          "integrity": "sha512-inUxVSsGirn5IkPxBhFsMBgm8ZHyfOUmOWyDCN8cBXtbaLiCIAjHsPI46yS1zrWxnn0J2kvq8haomkrlHGF08g=="
        }
      }
    },
    "primer-marketing-support": {
      "version": "2.0.0",
      "resolved": "https://registry.npmjs.org/primer-marketing-support/-/primer-marketing-support-2.0.0.tgz",
      "integrity": "sha512-HyYxwDVn9aGVN4wyXiIAzHrAgmoyNlXvZpRXh/UZRlA9EfZMxlCji3KhuMFzQFtYi+nXt7f/cTB5AX9YRnlVZg==",
      "requires": {
        "primer-support": "5.0.0"
      },
      "dependencies": {
        "primer-support": {
          "version": "5.0.0",
          "resolved": "https://registry.npmjs.org/primer-support/-/primer-support-5.0.0.tgz",
          "integrity": "sha512-inUxVSsGirn5IkPxBhFsMBgm8ZHyfOUmOWyDCN8cBXtbaLiCIAjHsPI46yS1zrWxnn0J2kvq8haomkrlHGF08g=="
        }
      }
    },
    "primer-marketing-type": {
      "version": "2.0.0",
      "resolved": "https://registry.npmjs.org/primer-marketing-type/-/primer-marketing-type-2.0.0.tgz",
      "integrity": "sha512-c+bCjKVulTrRhjAHJ7pcaFYDUYiSecVFXMo6DkA9v5JvZ2cK/m4LySo5Eb2qbQmPBwLx6t/V1TnxD2cgKtdIDA==",
      "requires": {
        "primer-marketing-support": "2.0.0",
        "primer-support": "5.0.0"
      },
      "dependencies": {
        "primer-support": {
          "version": "5.0.0",
          "resolved": "https://registry.npmjs.org/primer-support/-/primer-support-5.0.0.tgz",
          "integrity": "sha512-inUxVSsGirn5IkPxBhFsMBgm8ZHyfOUmOWyDCN8cBXtbaLiCIAjHsPI46yS1zrWxnn0J2kvq8haomkrlHGF08g=="
        }
      }
    },
    "primer-marketing-utilities": {
      "version": "2.0.0",
      "resolved": "https://registry.npmjs.org/primer-marketing-utilities/-/primer-marketing-utilities-2.0.0.tgz",
      "integrity": "sha512-R2Y8uaOy44J9NtBNlLJKUrPKxtxv8svss3vP8YS4RRWISUSQGcjxRFPUX5ra8hqaenWO/NBbmeFVJXDwgrKu1A==",
      "requires": {
        "primer-marketing-support": "2.0.0",
        "primer-support": "5.0.0"
      },
      "dependencies": {
        "primer-support": {
          "version": "5.0.0",
          "resolved": "https://registry.npmjs.org/primer-support/-/primer-support-5.0.0.tgz",
          "integrity": "sha512-inUxVSsGirn5IkPxBhFsMBgm8ZHyfOUmOWyDCN8cBXtbaLiCIAjHsPI46yS1zrWxnn0J2kvq8haomkrlHGF08g=="
        }
      }
    },
    "primer-navigation": {
      "version": "1.5.3",
      "resolved": "https://registry.npmjs.org/primer-navigation/-/primer-navigation-1.5.3.tgz",
      "integrity": "sha1-TTJzT67VKzQBP9cQNTQAx5FODFY=",
      "requires": {
        "primer-support": "4.5.2"
      }
    },
    "primer-support": {
      "version": "4.5.2",
      "resolved": "https://registry.npmjs.org/primer-support/-/primer-support-4.5.2.tgz",
      "integrity": "sha1-2quaSIgbaVPo5soBhlovQVv3d8U="
    },
    "primer-table-object": {
      "version": "1.4.5",
      "resolved": "https://registry.npmjs.org/primer-table-object/-/primer-table-object-1.4.5.tgz",
      "integrity": "sha1-pF1Z8zqYQQCNLweRQO6KqtZ0g5s=",
      "requires": {
        "primer-support": "4.5.2"
      }
    },
    "primer-tooltips": {
      "version": "1.5.2",
      "resolved": "https://registry.npmjs.org/primer-tooltips/-/primer-tooltips-1.5.2.tgz",
      "integrity": "sha1-N5nOdXweKZU8kkrvuEkmX2F1VOc=",
      "requires": {
        "primer-support": "4.5.2"
      }
    },
    "primer-truncate": {
      "version": "1.4.5",
      "resolved": "https://registry.npmjs.org/primer-truncate/-/primer-truncate-1.4.5.tgz",
      "integrity": "sha1-Qn+ke42c6rq5aqndvwWeRNDudC4=",
      "requires": {
        "primer-support": "4.5.2"
      }
    },
    "primer-utilities": {
      "version": "4.8.5",
      "resolved": "https://registry.npmjs.org/primer-utilities/-/primer-utilities-4.8.5.tgz",
      "integrity": "sha1-nzsb6O76zsHg6qJ16kyOKdxoPOs=",
      "requires": {
        "primer-support": "4.5.2"
      }
    }
  }
}
